Microsoft Visual Studio Solution File, Format Version 11.00
# Visual Studio 2008

Project("{978765F1-B23C-099D-B1DE-77E842C1C882}") = "LunarLandingProject", "Assembly-CSharp.csproj", "{79A9B987-AC44-4BF3-D91D-C91A297EC95A}"
EndProject
Project("{978765F1-B23C-099D-B1DE-77E842C1C882}") = "LunarLandingProject", "Assembly-UnityScript-firstpass.unityproj", "{C321323C-FBA3-111D-FA59-FE3035C61A6D}"
EndProject
Project("{978765F1-B23C-099D-B1DE-77E842C1C882}") = "LunarLandingProject", "Assembly-UnityScript.unityproj", "{D63773D5-0D41-8245-AC88-BE2E52EE05AA}"
EndProject
Global
	GlobalSection(SolutionConfigurationPlatforms) = preSolution
		Debug|Any CPU = Debug|Any CPU
		Release|Any CPU = Release|Any CPU
	EndGlobalSection
	GlobalSection(ProjectConfigurationPlatforms) = postSolution
		{79A9B987-AC44-4BF3-D91D-C91A297EC95A}.Debug|Any CPU.ActiveCfg = Debug|Any CPU
		{79A9B987-AC44-4BF3-D91D-C91A297EC95A}.Debug|Any CPU.Build.0 = Debug|Any CPU
		{79A9B987-AC44-4BF3-D91D-C91A297EC95A}.Release|Any CPU.ActiveCfg = Release|Any CPU
		{79A9B987-AC44-4BF3-D91D-C91A297EC95A}.Release|Any CPU.Build.0 = Release|Any CPU
		{C321323C-FBA3-111D-FA59-FE3035C61A6D}.Debug|Any CPU.ActiveCfg = Debug|Any CPU
		{C321323C-FBA3-111D-FA59-FE3035C61A6D}.Debug|Any CPU.Build.0 = Debug|Any CPU
		{C321323C-FBA3-111D-FA59-FE3035C61A6D}.Release|Any CPU.ActiveCfg = Release|Any CPU
		{C321323C-FBA3-111D-FA59-FE3035C61A6D}.Release|Any CPU.Build.0 = Release|Any CPU
		{D63773D5-0D41-8245-AC88-BE2E52EE05AA}.Debug|Any CPU.ActiveCfg = Debug|Any CPU
		{D63773D5-0D41-8245-AC88-BE2E52EE05AA}.Debug|Any CPU.Build.0 = Debug|Any CPU
		{D63773D5-0D41-8245-AC88-BE2E52EE05AA}.Release|Any CPU.ActiveCfg = Release|Any CPU
		{D63773D5-0D41-8245-AC88-BE2E52EE05AA}.Release|Any CPU.Build.0 = Release|Any CPU
	EndGlobalSection
	GlobalSection(SolutionProperties) = preSolution
		HideSolutionNode = FALSE
	EndGlobalSection
																							GlobalSection(MonoDevelopProperties) = preSolution
		StartupItem = Assembly-CSharp.csproj
		Policies = $0
		$0.TextStylePolicy = $1
		$1.inheritsSet = null
		$1.scope = text/x-csharp
		$0.CSharpFormattingPolicy = $2
		$2.inheritsSet = Mono
		$2.inheritsScope = text/x-csharp
		$2.scope = text/x-csharp
		$0.TextStylePolicy = $3
		$3.FileWidth = 120
		$3.TabWidth = 4
		$3.EolMarker = Unix
		$3.inheritsSet = Mono
		$3.inheritsScope = text/plain
		$3.scope = text/plain
	EndGlobalSection

EndGlobal
